
Microsoft Visual Studio Solution File, Format Version 12.00
# Visual Studio 2012
Project("{FAE04EC0-301F-11D3-BF4B-00C04F79EFBC}") = "3A_flickr_sync", "3A_flickr_sync\3A_flickr_sync.csproj", "{F78B5D7B-AD13-4446-A6E4-D3AE361C55CC}"
EndProject
Global
	GlobalSection(SolutionConfigurationPlatforms) = preSolution
		Debug|Any CPU = Debug|Any CPU
		Release|Any CPU = Release|Any CPU
	EndGlobalSection
	GlobalSection(ProjectConfigurationPlatforms) = postSolution
		{F78B5D7B-AD13-4446-A6E4-D3AE361C55CC}.Debug|Any CPU.ActiveCfg = Debug|Any CPU
		{F78B5D7B-AD13-4446-A6E4-D3AE361C55CC}.Debug|Any CPU.Build.0 = Debug|Any CPU
		{F78B5D7B-AD13-4446-A6E4-D3AE361C55CC}.Release|Any CPU.ActiveCfg = Release|Any CPU
		{F78B5D7B-AD13-4446-A6E4-D3AE361C55CC}.Release|Any CPU.Build.0 = Release|Any CPU
	EndGlobalSection
	GlobalSection(SolutionProperties) = preSolution
		HideSolutionNode = FALSE
	EndGlobalSection
EndGlobal
